// !$*UTF8*$!
{
	archiveVersion = 1;
	classes = {
	};
	objectVersion = 55;
	objects = {

/* Begin PBXBuildFile section */
		F4B4CB3728AF039900C4A689 /* AppDelegate.swift in Sources */ = {isa = PBXBuildFile; fileRef = F4B4CB3628AF039900C4A689 /* AppDelegate.swift */; };
		F4B4CB3928AF039900C4A689 /* SceneDelegate.swift in Sources */ = {isa = PBXBuildFile; fileRef = F4B4CB3828AF039900C4A689 /* SceneDelegate.swift */; };
		F4B4CB3B28AF039900C4A689 /* ViewController.swift in Sources */ = {isa = PBXBuildFile; fileRef = F4B4CB3A28AF039900C4A689 /* ViewController.swift */; };
		F4B4CB3E28AF039900C4A689 /* Main.storyboard in Resources */ = {isa = PBXBuildFile; fileRef = F4B4CB3C28AF039900C4A689 /* Main.storyboard */; };
		F4B4CB4028AF039B00C4A689 /* Assets.xcassets in Resources */ = {isa = PBXBuildFile; fileRef = F4B4CB3F28AF039B00C4A689 /* Assets.xcassets */; };
		F4B4CB4328AF039B00C4A689 /* LaunchScreen.storyboard in Resources */ = {isa = PBXBuildFile; fileRef = F4B4CB4128AF039B00C4A689 /* LaunchScreen.storyboard */; };
		F4B4CB4E28AF039B00C4A689 /* MyTestProjectTests.swift in Sources */ = {isa = PBXBuildFile; fileRef = F4B4CB4D28AF039B00C4A689 /* MyTestProjectTests.swift */; };
		F4B4CB5828AF039B00C4A689 /* MyTestProjectUITests.swift in Sources */ = {isa = PBXBuildFile; fileRef = F4B4CB5728AF039B00C4A689 /* MyTestProjectUITests.swift */; };
		F4B4CB5A28AF039B00C4A689 /* MyTestProjectUITestsLaunchTests.swift in Sources */ = {isa = PBXBuildFile; fileRef = F4B4CB5928AF039B00C4A689 /* MyTestProjectUITestsLaunchTests.swift */; };
		F4B4CB6728AF058800C4A689 /* README.md in Resources */ = {isa = PBXBuildFile; fileRef = F4B4CB6628AF058800C4A689 /* README.md */; };
		F4F03A5A28B85CE300919365 /* Localizable.strings in Resources */ = {isa = PBXBuildFile; fileRef = F4F03A5828B85CE300919365 /* Localizable.strings */; };
/* End PBXBuildFile section */

/* Begin PBXContainerItemProxy section */
		F4B4CB4A28AF039B00C4A689 /* PBXContainerItemProxy */ = {
			isa = PBXContainerItemProxy;
			containerPortal = F4B4CB2B28AF039900C4A689 /* Project object */;
			proxyType = 1;
			remoteGlobalIDString = F4B4CB3228AF039900C4A689;
			remoteInfo = MyTestProject;
		};
		F4B4CB5428AF039B00C4A689 /* PBXContainerItemProxy */ = {
			isa = PBXContainerItemProxy;
			containerPortal = F4B4CB2B28AF039900C4A689 /* Project object */;
			proxyType = 1;
			remoteGlobalIDString = F4B4CB3228AF039900C4A689;
			remoteInfo = MyTestProject;
		};
/* End PBXContainerItemProxy section */

/* Begin PBXFileReference section */
		F4B4CB3328AF039900C4A689 /* MyTestProject.app */ = {isa = PBXFileReference; explicitFileType = wrapper.application; includeInIndex = 0; path = MyTestProject.app; sourceTree = BUILT_PRODUCTS_DIR; };
		F4B4CB3628AF039900C4A689 /* AppDelegate.swift */ = {isa = PBXFileReference; lastKnownFileType = sourcecode.swift; path = AppDelegate.swift; sourceTree = "<group>"; };
		F4B4CB3828AF039900C4A689 /* SceneDelegate.swift */ = {isa = PBXFileReference; lastKnownFileType = sourcecode.swift; path = SceneDelegate.swift; sourceTree = "<group>"; };
		F4B4CB3A28AF039900C4A689 /* ViewController.swift */ = {isa = PBXFileReference; lastKnownFileType = sourcecode.swift; path = ViewController.swift; sourceTree = "<group>"; };
		F4B4CB3D28AF039900C4A689 /* Base */ = {isa = PBXFileReference; lastKnownFileType = file.storyboard; name = Base; path = Base.lproj/Main.storyboard; sourceTree = "<group>"; };
		F4B4CB3F28AF039B00C4A689 /* Assets.xcassets */ = {isa = PBXFileReference; lastKnownFileType = folder.assetcatalog; path = Assets.xcassets; sourceTree = "<group>"; };
		F4B4CB4228AF039B00C4A689 /* Base */ = {isa = PBXFileReference; lastKnownFileType = file.storyboard; name = Base; path = Base.lproj/LaunchScreen.storyboard; sourceTree = "<group>"; };
		F4B4CB4428AF039B00C4A689 /* Info.plist */ = {isa = PBXFileReference; lastKnownFileType = text.plist.xml; path = Info.plist; sourceTree = "<group>"; };
		F4B4CB4928AF039B00C4A689 /* MyTestProjectTests.xctest */ = {isa = PBXFileReference; explicitFileType = wrapper.cfbundle; includeInIndex = 0; path = MyTestProjectTests.xctest; sourceTree = BUILT_PRODUCTS_DIR; };
		F4B4CB4D28AF039B00C4A689 /* MyTestProjectTests.swift */ = {isa = PBXFileReference; lastKnownFileType = sourcecode.swift; path = MyTestProjectTests.swift; sourceTree = "<group>"; };
		F4B4CB5328AF039B00C4A689 /* MyTestProjectUITests.xctest */ = {isa = PBXFileReference; explicitFileType = wrapper.cfbundle; includeInIndex = 0; path = MyTestProjectUITests.xctest; sourceTree = BUILT_PRODUCTS_DIR; };
		F4B4CB5728AF039B00C4A689 /* MyTestProjectUITests.swift */ = {isa = PBXFileReference; lastKnownFileType = sourcecode.swift; path = MyTestProjectUITests.swift; sourceTree = "<group>"; };
		F4B4CB5928AF039B00C4A689 /* MyTestProjectUITestsLaunchTests.swift */ = {isa = PBXFileReference; lastKnownFileType = sourcecode.swift; path = MyTestProjectUITestsLaunchTests.swift; sourceTree = "<group>"; };
		F4B4CB6628AF058800C4A689 /* README.md */ = {isa = PBXFileReference; fileEncoding = 4; lastKnownFileType = net.daringfireball.markdown; path = README.md; sourceTree = "<group>"; };
		F4F03A5928B85CE300919365 /* Base */ = {isa = PBXFileReference; lastKnownFileType = text.plist.strings; name = Base; path = Base.lproj/Localizable.strings; sourceTree = "<group>"; };
		F4F03A5B28B85EF500919365 /* ja */ = {isa = PBXFileReference; lastKnownFileType = text.plist.strings; name = ja; path = ja.lproj/Localizable.strings; sourceTree = "<group>"; };
/* End PBXFileReference section */

/* Begin PBXFrameworksBuildPhase section */
		F4B4CB3028AF039900C4A689 /* Frameworks */ = {
			isa = PBXFrameworksBuildPhase;
			buildActionMask = 2147483647;
			files = (
			);
			runOnlyForDeploymentPostprocessing = 0;
		};
		F4B4CB4628AF039B00C4A689 /* Frameworks */ = {
			isa = PBXFrameworksBuildPhase;
			buildActionMask = 2147483647;
			files = (
			);
			runOnlyForDeploymentPostprocessing = 0;
		};
		F4B4CB5028AF039B00C4A689 /* Frameworks */ = {
			isa = PBXFrameworksBuildPhase;
			buildActionMask = 2147483647;
			files = (
			);
			runOnlyForDeploymentPostprocessing = 0;
		};
/* End PBXFrameworksBuildPhase section */

/* Begin PBXGroup section */
		F4B4CB2A28AF039900C4A689 = {
			isa = PBXGroup;
			children = (
				F4B4CB6628AF058800C4A689 /* README.md */,
				F4B4CB3528AF039900C4A689 /* MyTestProject */,
				F4B4CB4C28AF039B00C4A689 /* MyTestProjectTests */,
				F4B4CB5628AF039B00C4A689 /* MyTestProjectUITests */,
				F4B4CB3428AF039900C4A689 /* Products */,
			);
			sourceTree = "<group>";
		};
		F4B4CB3428AF039900C4A689 /* Products */ = {
			isa = PBXGroup;
			children = (
				F4B4CB3328AF039900C4A689 /* MyTestProject.app */,
				F4B4CB4928AF039B00C4A689 /* MyTestProjectTests.xctest */,
				F4B4CB5328AF039B00C4A689 /* MyTestProjectUITests.xctest */,
			);
			name = Products;
			sourceTree = "<group>";
		};
		F4B4CB3528AF039900C4A689 /* MyTestProject */ = {
			isa = PBXGroup;
			children = (
				F4B4CB3628AF039900C4A689 /* AppDelegate.swift */,
				F4B4CB3828AF039900C4A689 /* SceneDelegate.swift */,
				F4B4CB3A28AF039900C4A689 /* ViewController.swift */,
				F4B4CB3C28AF039900C4A689 /* Main.storyboard */,
				F4B4CB3F28AF039B00C4A689 /* Assets.xcassets */,
				F4B4CB4128AF039B00C4A689 /* LaunchScreen.storyboard */,
				F4B4CB4428AF039B00C4A689 /* Info.plist */,
				F4F03A5828B85CE300919365 /* Localizable.strings */,
			);
			path = MyTestProject;
			sourceTree = "<group>";
		};
		F4B4CB4C28AF039B00C4A689 /* MyTestProjectTests */ = {
			isa = PBXGroup;
			children = (
				F4B4CB4D28AF039B00C4A689 /* MyTestProjectTests.swift */,
			);
			path = MyTestProjectTests;
			sourceTree = "<group>";
		};
		F4B4CB5628AF039B00C4A689 /* MyTestProjectUITests */ = {
			isa = PBXGroup;
			children = (
				F4B4CB5728AF039B00C4A689 /* MyTestProjectUITests.swift */,
				F4B4CB5928AF039B00C4A689 /* MyTestProjectUITestsLaunchTests.swift */,
			);
			path = MyTestProjectUITests;
			sourceTree = "<group>";
		};
/* End PBXGroup section */

/* Begin PBXNativeTarget section */
		F4B4CB3228AF039900C4A689 /* MyTestProject */ = {
			isa = PBXNativeTarget;
			buildConfigurationList = F4B4CB5D28AF039B00C4A689 /* Build configuration list for PBXNativeTarget "MyTestProject" */;
			buildPhases = (
				F4B4CB2F28AF039900C4A689 /* Sources */,
				F4B4CB3028AF039900C4A689 /* Frameworks */,
				F4B4CB3128AF039900C4A689 /* Resources */,
			);
			buildRules = (
			);
			dependencies = (
			);
			name = MyTestProject;
			productName = MyTestProject;
			productReference = F4B4CB3328AF039900C4A689 /* MyTestProject.app */;
			productType = "com.apple.product-type.application";
		};
		F4B4CB4828AF039B00C4A689 /* MyTestProjectTests */ = {
			isa = PBXNativeTarget;
			buildConfigurationList = F4B4CB6028AF039B00C4A689 /* Build configuration list for PBXNativeTarget "MyTestProjectTests" */;
			buildPhases = (
				F4B4CB4528AF039B00C4A689 /* Sources */,
				F4B4CB4628AF039B00C4A689 /* Frameworks */,
				F4B4CB4728AF039B00C4A689 /* Resources */,
			);
			buildRules = (
			);
			dependencies = (
				F4B4CB4B28AF039B00C4A689 /* PBXTargetDependency */,
			);
			name = MyTestProjectTests;
			productName = MyTestProjectTests;
			productReference = F4B4CB4928AF039B00C4A689 /* MyTestProjectTests.xctest */;
			productType = "com.apple.product-type.bundle.unit-test";
		};
		F4B4CB5228AF039B00C4A689 /* MyTestProjectUITests */ = {
			isa = PBXNativeTarget;
			buildConfigurationList = F4B4CB6328AF039B00C4A689 /* Build configuration list for PBXNativeTarget "MyTestProjectUITests" */;
			buildPhases = (
				F4B4CB4F28AF039B00C4A689 /* Sources */,
				F4B4CB5028AF039B00C4A689 /* Frameworks */,
				F4B4CB5128AF039B00C4A689 /* Resources */,
			);
			buildRules = (
			);
			dependencies = (
				F4B4CB5528AF039B00C4A689 /* PBXTargetDependency */,
			);
			name = MyTestProjectUITests;
			productName = MyTestProjectUITests;
			productReference = F4B4CB5328AF039B00C4A689 /* MyTestProjectUITests.xctest */;
			productType = "com.apple.product-type.bundle.ui-testing";
		};
/* End PBXNativeTarget section */

/* Begin PBXProject section */
		F4B4CB2B28AF039900C4A689 /* Project object */ = {
			isa = PBXProject;
			attributes = {
				BuildIndependentTargetsInParallel = 1;
				LastSwiftUpdateCheck = 1340;
				LastUpgradeCheck = 1340;
				TargetAttributes = {
					F4B4CB3228AF039900C4A689 = {
						CreatedOnToolsVersion = 13.4.1;
					};
					F4B4CB4828AF039B00C4A689 = {
						CreatedOnToolsVersion = 13.4.1;
						TestTargetID = F4B4CB3228AF039900C4A689;
					};
					F4B4CB5228AF039B00C4A689 = {
						CreatedOnToolsVersion = 13.4.1;
						TestTargetID = F4B4CB3228AF039900C4A689;
					};
				};
			};
			buildConfigurationList = F4B4CB2E28AF039900C4A689 /* Build configuration list for PBXProject "MyTestProject" */;
			compatibilityVersion = "Xcode 13.0";
			developmentRegion = en;
			hasScannedForEncodings = 0;
			knownRegions = (
				en,
				Base,
				ja,
			);
			mainGroup = F4B4CB2A28AF039900C4A689;
			productRefGroup = F4B4CB3428AF039900C4A689 /* Products */;
			projectDirPath = "";
			projectRoot = "";
			targets = (
				F4B4CB3228AF039900C4A689 /* MyTestProject */,
				F4B4CB4828AF039B00C4A689 /* MyTestProjectTests */,
				F4B4CB5228AF039B00C4A689 /* MyTestProjectUITests */,
			);
		};
/* End PBXProject section */

/* Begin PBXResourcesBuildPhase section */
		F4B4CB3128AF039900C4A689 /* Resources */ = {
			isa = PBXResourcesBuildPhase;
			buildActionMask = 2147483647;
			files = (
				F4F03A5A28B85CE300919365 /* Localizable.strings in Resources */,
				F4B4CB4328AF039B00C4A689 /* LaunchScreen.storyboard in Resources */,
				F4B4CB4028AF039B00C4A689 /* Assets.xcassets in Resources */,
				F4B4CB6728AF058800C4A689 /* README.md in Resources */,
				F4B4CB3E28AF039900C4A689 /* Main.storyboard in Resources */,
			);
			runOnlyForDeploymentPostprocessing = 0;
		};
		F4B4CB4728AF039B00C4A689 /* Resources */ = {
			isa = PBXResourcesBuildPhase;
			buildActionMask = 2147483647;
			files = (
			);
			runOnlyForDeploymentPostprocessing = 0;
		};
		F4B4CB5128AF039B00C4A689 /* Resources */ = {
			isa = PBXResourcesBuildPhase;
			buildActionMask = 2147483647;
			files = (
			);
			runOnlyForDeploymentPostprocessing = 0;
		};
/* End PBXResourcesBuildPhase section */

/* Begin PBXSourcesBuildPhase section */
		F4B4CB2F28AF039900C4A689 /* Sources */ = {
			isa = PBXSourcesBuildPhase;
			buildActionMask = 2147483647;
			files = (
				F4B4CB3B28AF039900C4A689 /* ViewController.swift in Sources */,
				F4B4CB3728AF039900C4A689 /* AppDelegate.swift in Sources */,
				F4B4CB3928AF039900C4A689 /* SceneDelegate.swift in Sources */,
			);
			runOnlyForDeploymentPostprocessing = 0;
		};
		F4B4CB4528AF039B00C4A689 /* Sources */ = {
			isa = PBXSourcesBuildPhase;
			buildActionMask = 2147483647;
			files = (
				F4B4CB4E28AF039B00C4A689 /* MyTestProjectTests.swift in Sources */,
			);
			runOnlyForDeploymentPostprocessing = 0;
		};
		F4B4CB4F28AF039B00C4A689 /* Sources */ = {
			isa = PBXSourcesBuildPhase;
			buildActionMask = 2147483647;
			files = (
				F4B4CB5A28AF039B00C4A689 /* MyTestProjectUITestsLaunchTests.swift in Sources */,
				F4B4CB5828AF039B00C4A689 /* MyTestProjectUITests.swift in Sources */,
			);
			runOnlyForDeploymentPostprocessing = 0;
		};
/* End PBXSourcesBuildPhase section */

/* Begin PBXTargetDependency section */
		F4B4CB4B28AF039B00C4A689 /* PBXTargetDependency */ = {
			isa = PBXTargetDependency;
			target = F4B4CB3228AF039900C4A689 /* MyTestProject */;
			targetProxy = F4B4CB4A28AF039B00C4A689 /* PBXContainerItemProxy */;
		};
		F4B4CB5528AF039B00C4A689 /* PBXTargetDependency */ = {
			isa = PBXTargetDependency;
			target = F4B4CB3228AF039900C4A689 /* MyTestProject */;
			targetProxy = F4B4CB5428AF039B00C4A689 /* PBXContainerItemProxy */;
		};
/* End PBXTargetDependency section */

/* Begin PBXVariantGroup section */
		F4B4CB3C28AF039900C4A689 /* Main.storyboard */ = {
			isa = PBXVariantGroup;
			children = (
				F4B4CB3D28AF039900C4A689 /* Base */,
			);
			name = Main.storyboard;
			sourceTree = "<group>";
		};
		F4B4CB4128AF039B00C4A689 /* LaunchScreen.storyboard */ = {
			isa = PBXVariantGroup;
			children = (
				F4B4CB4228AF039B00C4A689 /* Base */,
			);
			name = LaunchScreen.storyboard;
			sourceTree = "<group>";
		};
		F4F03A5828B85CE300919365 /* Localizable.strings */ = {
			isa = PBXVariantGroup;
			children = (
				F4F03A5928B85CE300919365 /* Base */,
				F4F03A5B28B85EF500919365 /* ja */,
			);
			name = Localizable.strings;
			sourceTree = "<group>";
		};
/* End PBXVariantGroup section */

/* Begin XCBuildConfiguration section */
		F4B4CB5B28AF039B00C4A689 /* Debug */ = {
			isa = XCBuildConfiguration;
			buildSettings = {
				ALWAYS_SEARCH_USER_PATHS = NO;
				CLANG_ANALYZER_LOCALIZABILITY_NONLOCALIZED = YES;
				CLANG_ANALYZER_NONNULL = YES;
				CLANG_ANALYZER_NUMBER_OBJECT_CONVERSION = YES_AGGRESSIVE;
				CLANG_CXX_LANGUAGE_STANDARD = "gnu++17";
				CLANG_ENABLE_MODULES = YES;
				CLANG_ENABLE_OBJC_ARC = YES;
				CLANG_ENABLE_OBJC_WEAK = YES;
				CLANG_WARN_BLOCK_CAPTURE_AUTORELEASING = YES;
				CLANG_WARN_BOOL_CONVERSION = YES;
				CLANG_WARN_COMMA = YES;
				CLANG_WARN_CONSTANT_CONVERSION = YES;
				CLANG_WARN_DEPRECATED_OBJC_IMPLEMENTATIONS = YES;
				CLANG_WARN_DIRECT_OBJC_ISA_USAGE = YES_ERROR;
				CLANG_WARN_DOCUMENTATION_COMMENTS = YES;
				CLANG_WARN_EMPTY_BODY = YES;
				CLANG_WARN_ENUM_CONVERSION = YES;
				CLANG_WARN_INFINITE_RECURSION = YES;
				CLANG_WARN_INT_CONVERSION = YES;
				CLANG_WARN_NON_LITERAL_NULL_CONVERSION = YES;
				CLANG_WARN_OBJC_IMPLICIT_RETAIN_SELF = YES;
				CLANG_WARN_OBJC_LITERAL_CONVERSION = YES;
				CLANG_WARN_OBJC_ROOT_CLASS = YES_ERROR;
				CLANG_WARN_QUOTED_INCLUDE_IN_FRAMEWORK_HEADER = YES;
				CLANG_WARN_RANGE_LOOP_ANALYSIS = YES;
				CLANG_WARN_STRICT_PROTOTYPES = YES;
				CLANG_WARN_SUSPICIOUS_MOVE = YES;
				CLANG_WARN_UNGUARDED_AVAILABILITY = YES_AGGRESSIVE;
				CLANG_WARN_UNREACHABLE_CODE = YES;
				CLANG_WARN__DUPLICATE_METHOD_MATCH = YES;
				COPY_PHASE_STRIP = NO;
				DEBUG_INFORMATION_FORMAT = dwarf;
				ENABLE_STRICT_OBJC_MSGSEND = YES;
				ENABLE_TESTABILITY = YES;
				GCC_C_LANGUAGE_STANDARD = gnu11;
				GCC_DYNAMIC_NO_PIC = NO;
				GCC_NO_COMMON_BLOCKS = YES;
				GCC_OPTIMIZATION_LEVEL = 0;
				GCC_PREPROCESSOR_DEFINITIONS = (
					"DEBUG=1",
					"$(inherited)",
				);
				GCC_WARN_64_TO_32_BIT_CONVERSION = YES;
				GCC_WARN_ABOUT_RETURN_TYPE = YES_ERROR;
				GCC_WARN_UNDECLARED_SELECTOR = YES;
				GCC_WARN_UNINITIALIZED_AUTOS = YES_AGGRESSIVE;
				GCC_WARN_UNUSED_FUNCTION = YES;
				GCC_WARN_UNUSED_VARIABLE = YES;
				IPHONEOS_DEPLOYMENT_TARGET = 15.5;
				MTL_ENABLE_DEBUG_INFO = INCLUDE_SOURCE;
				MTL_FAST_MATH = YES;
				ONLY_ACTIVE_ARCH = YES;
				SDKROOT = iphoneos;
				SWIFT_ACTIVE_COMPILATION_CONDITIONS = DEBUG;
				SWIFT_OPTIMIZATION_LEVEL = "-Onone";
			};
			name = Debug;
		};
		F4B4CB5C28AF039B00C4A689 /* Release */ = {
			isa = XCBuildConfiguration;
			buildSettings = {
				ALWAYS_SEARCH_USER_PATHS = NO;
				CLANG_ANALYZER_LOCALIZABILITY_NONLOCALIZED = YES;
				CLANG_ANALYZER_NONNULL = YES;
				CLANG_ANALYZER_NUMBER_OBJECT_CONVERSION = YES_AGGRESSIVE;
				CLANG_CXX_LANGUAGE_STANDARD = "gnu++17";
				CLANG_ENABLE_MODULES = YES;
				CLANG_ENABLE_OBJC_ARC = YES;
				CLANG_ENABLE_OBJC_WEAK = YES;
				CLANG_WARN_BLOCK_CAPTURE_AUTORELEASING = YES;
				CLANG_WARN_BOOL_CONVERSION = YES;
				CLANG_WARN_COMMA = YES;
				CLANG_WARN_CONSTANT_CONVERSION = YES;
				CLANG_WARN_DEPRECATED_OBJC_IMPLEMENTATIONS = YES;
				CLANG_WARN_DIRECT_OBJC_ISA_USAGE = YES_ERROR;
				CLANG_WARN_DOCUMENTATION_COMMENTS = YES;
				CLANG_WARN_EMPTY_BODY = YES;
				CLANG_WARN_ENUM_CONVERSION = YES;
				CLANG_WARN_INFINITE_RECURSION = YES;
				CLANG_WARN_INT_CONVERSION = YES;
				CLANG_WARN_NON_LITERAL_NULL_CONVERSION = YES;
				CLANG_WARN_OBJC_IMPLICIT_RETAIN_SELF = YES;
				CLANG_WARN_OBJC_LITERAL_CONVERSION = YES;
				CLANG_WARN_OBJC_ROOT_CLASS = YES_ERROR;
				CLANG_WARN_QUOTED_INCLUDE_IN_FRAMEWORK_HEADER = YES;
				CLANG_WARN_RANGE_LOOP_ANALYSIS = YES;
				CLANG_WARN_STRICT_PROTOTYPES = YES;
				CLANG_WARN_SUSPICIOUS_MOVE = YES;
				CLANG_WARN_UNGUARDED_AVAILABILITY = YES_AGGRESSIVE;
				CLANG_WARN_UNREACHABLE_CODE = YES;
				CLANG_WARN__DUPLICATE_METHOD_MATCH = YES;
				COPY_PHASE_STRIP = NO;
				DEBUG_INFORMATION_FORMAT = "dwarf-with-dsym";
				ENABLE_NS_ASSERTIONS = NO;
				ENABLE_STRICT_OBJC_MSGSEND = YES;
				GCC_C_LANGUAGE_STANDARD = gnu11;
				GCC_NO_COMMON_BLOCKS = YES;
				GCC_WARN_64_TO_32_BIT_CONVERSION = YES;
				GCC_WARN_ABOUT_RETURN_TYPE = YES_ERROR;
				GCC_WARN_UNDECLARED_SELECTOR = YES;
				GCC_WARN_UNINITIALIZED_AUTOS = YES_AGGRESSIVE;
				GCC_WARN_UNUSED_FUNCTION = YES;
				GCC_WARN_UNUSED_VARIABLE = YES;
				IPHONEOS_DEPLOYMENT_TARGET = 15.5;
				MTL_ENABLE_DEBUG_INFO = NO;
				MTL_FAST_MATH = YES;
				SDKROOT = iphoneos;
				SWIFT_COMPILATION_MODE = wholemodule;
				SWIFT_OPTIMIZATION_LEVEL = "-O";
				VALIDATE_PRODUCT = YES;
			};
			name = Release;
		};
		F4B4CB5E28AF039B00C4A689 /* Debug */ = {
			isa = XCBuildConfiguration;
			buildSettings = {
				ASSETCATALOG_COMPILER_APPICON_NAME = AppIcon;
				ASSETCATALOG_COMPILER_GLOBAL_ACCENT_COLOR_NAME = AccentColor;
				CODE_SIGN_STYLE = Automatic;
				CURRENT_PROJECT_VERSION = 1;
				DEVELOPMENT_TEAM = CU4HBZQH62;
				GENERATE_INFOPLIST_FILE = YES;
				INFOPLIST_FILE = MyTestProject/Info.plist;
				INFOPLIST_KEY_UIApplicationSupportsIndirectInputEvents = YES;
				INFOPLIST_KEY_UILaunchStoryboardName = LaunchScreen;
				INFOPLIST_KEY_UIMainStoryboardFile = Main;
				INFOPLIST_KEY_UISupportedInterfaceOrientations_iPad = "UIInterfaceOrientationPortrait UIInterfaceOrientationPortraitUpsideDown UIInterfaceOrientationLandscapeLeft UIInterfaceOrientationLandscapeRight";
				INFOPLIST_KEY_UISupportedInterfaceOrientations_iPhone = "UIInterfaceOrientationPortrait UIInterfaceOrientationLandscapeLeft UIInterfaceOrientationLandscapeRight";
				LD_RUNPATH_SEARCH_PATHS = (
					"$(inherited)",
					"@executable_path/Frameworks",
				);
				MARKETING_VERSION = 1.0;
				PRODUCT_BUNDLE_IDENTIFIER = com.mkameya29.test.MyTestProject;
				PRODUCT_NAME = "$(TARGET_NAME)";
				SWIFT_EMIT_LOC_STRINGS = YES;
				SWIFT_VERSION = 5.0;
				TARGETED_DEVICE_FAMILY = "1,2";
			};
			name = Debug;
		};
		F4B4CB5F28AF039B00C4A689 /* Release */ = {
			isa = XCBuildConfiguration;
			buildSettings = {
				ASSETCATALOG_COMPILER_APPICON_NAME = AppIcon;
				ASSETCATALOG_COMPILER_GLOBAL_ACCENT_COLOR_NAME = AccentColor;
				CODE_SIGN_STYLE = Automatic;
				CURRENT_PROJECT_VERSION = 1;
				DEVELOPMENT_TEAM = CU4HBZQH62;
				GENERATE_INFOPLIST_FILE = YES;
				INFOPLIST_FILE = MyTestProject/Info.plist;
				INFOPLIST_KEY_UIApplicationSupportsIndirectInputEvents = YES;
				INFOPLIST_KEY_UILaunchStoryboardName = LaunchScreen;
				INFOPLIST_KEY_UIMainStoryboardFile = Main;
				INFOPLIST_KEY_UISupportedInterfaceOrientations_iPad = "UIInterfaceOrientationPortrait UIInterfaceOrientationPortraitUpsideDown UIInterfaceOrientationLandscapeLeft UIInterfaceOrientationLandscapeRight";
				INFOPLIST_KEY_UISupportedInterfaceOrientations_iPhone = "UIInterfaceOrientationPortrait UIInterfaceOrientationLandscapeLeft UIInterfaceOrientationLandscapeRight";
				LD_RUNPATH_SEARCH_PATHS = (
					"$(inherited)",
					"@executable_path/Frameworks",
				);
				MARKETING_VERSION = 1.0;
				PRODUCT_BUNDLE_IDENTIFIER = com.mkameya29.test.MyTestProject;
				PRODUCT_NAME = "$(TARGET_NAME)";
				SWIFT_EMIT_LOC_STRINGS = YES;
				SWIFT_VERSION = 5.0;
				TARGETED_DEVICE_FAMILY = "1,2";
			};
			name = Release;
		};
		F4B4CB6128AF039B00C4A689 /* Debug */ = {
			isa = XCBuildConfiguration;
			buildSettings = {
				ALWAYS_EMBED_SWIFT_STANDARD_LIBRARIES = YES;
				BUNDLE_LOADER = "$(TEST_HOST)";
				CODE_SIGN_STYLE = Automatic;
				CURRENT_PROJECT_VERSION = 1;
				GENERATE_INFOPLIST_FILE = YES;
				IPHONEOS_DEPLOYMENT_TARGET = 15.5;
				MARKETING_VERSION = 1.0;
				PRODUCT_BUNDLE_IDENTIFIER = com.mkameya29.test.MyTestProjectTests;
				PRODUCT_NAME = "$(TARGET_NAME)";
				SWIFT_EMIT_LOC_STRINGS = NO;
				SWIFT_VERSION = 5.0;
				TARGETED_DEVICE_FAMILY = "1,2";
				TEST_HOST = "$(BUILT_PRODUCTS_DIR)/MyTestProject.app/MyTestProject";
			};
			name = Debug;
		};
		F4B4CB6228AF039B00C4A689 /* Release */ = {
			isa = XCBuildConfiguration;
			buildSettings = {
				ALWAYS_EMBED_SWIFT_STANDARD_LIBRARIES = YES;
				BUNDLE_LOADER = "$(TEST_HOST)";
				CODE_SIGN_STYLE = Automatic;
				CURRENT_PROJECT_VERSION = 1;
				GENERATE_INFOPLIST_FILE = YES;
				IPHONEOS_DEPLOYMENT_TARGET = 15.5;
				MARKETING_VERSION = 1.0;
				PRODUCT_BUNDLE_IDENTIFIER = com.mkameya29.test.MyTestProjectTests;
				PRODUCT_NAME = "$(TARGET_NAME)";
				SWIFT_EMIT_LOC_STRINGS = NO;
				SWIFT_VERSION = 5.0;
				TARGETED_DEVICE_FAMILY = "1,2";
				TEST_HOST = "$(BUILT_PRODUCTS_DIR)/MyTestProject.app/MyTestProject";
			};
			name = Release;
		};
		F4B4CB6428AF039B00C4A689 /* Debug */ = {
			isa = XCBuildConfiguration;
			buildSettings = {
				ALWAYS_EMBED_SWIFT_STANDARD_LIBRARIES = YES;
				CODE_SIGN_STYLE = Automatic;
				CURRENT_PROJECT_VERSION = 1;
				GENERATE_INFOPLIST_FILE = YES;
				MARKETING_VERSION = 1.0;
				PRODUCT_BUNDLE_IDENTIFIER = com.mkameya29.test.MyTestProjectUITests;
				PRODUCT_NAME = "$(TARGET_NAME)";
				SWIFT_EMIT_LOC_STRINGS = NO;
				SWIFT_VERSION = 5.0;
				TARGETED_DEVICE_FAMILY = "1,2";
				TEST_TARGET_NAME = MyTestProject;
			};
			name = Debug;
		};
		F4B4CB6528AF039B00C4A689 /* Release */ = {
			isa = XCBuildConfiguration;
			buildSettings = {
				ALWAYS_EMBED_SWIFT_STANDARD_LIBRARIES = YES;
				CODE_SIGN_STYLE = Automatic;
				CURRENT_PROJECT_VERSION = 1;
				GENERATE_INFOPLIST_FILE = YES;
				MARKETING_VERSION = 1.0;
				PRODUCT_BUNDLE_IDENTIFIER = com.mkameya29.test.MyTestProjectUITests;
				PRODUCT_NAME = "$(TARGET_NAME)";
				SWIFT_EMIT_LOC_STRINGS = NO;
				SWIFT_VERSION = 5.0;
				TARGETED_DEVICE_FAMILY = "1,2";
				TEST_TARGET_NAME = MyTestProject;
			};
			name = Release;
		};
/* End XCBuildConfiguration section */

/* Begin XCConfigurationList section */
		F4B4CB2E28AF039900C4A689 /* Build configuration list for PBXProject "MyTestProject" */ = {
			isa = XCConfigurationList;
			buildConfigurations = (
				F4B4CB5B28AF039B00C4A689 /* Debug */,
				F4B4CB5C28AF039B00C4A689 /* Release */,
			);
			defaultConfigurationIsVisible = 0;
			defaultConfigurationName = Release;
		};
		F4B4CB5D28AF039B00C4A689 /* Build configuration list for PBXNativeTarget "MyTestProject" */ = {
			isa = XCConfigurationList;
			buildConfigurations = (
				F4B4CB5E28AF039B00C4A689 /* Debug */,
				F4B4CB5F28AF039B00C4A689 /* Release */,
			);
			defaultConfigurationIsVisible = 0;
			defaultConfigurationName = Release;
		};
		F4B4CB6028AF039B00C4A689 /* Build configuration list for PBXNativeTarget "MyTestProjectTests" */ = {
			isa = XCConfigurationList;
			buildConfigurations = (
				F4B4CB6128AF039B00C4A689 /* Debug */,
				F4B4CB6228AF039B00C4A689 /* Release */,
			);
			defaultConfigurationIsVisible = 0;
			defaultConfigurationName = Release;
		};
		F4B4CB6328AF039B00C4A689 /* Build configuration list for PBXNativeTarget "MyTestProjectUITests" */ = {
			isa = XCConfigurationList;
			buildConfigurations = (
				F4B4CB6428AF039B00C4A689 /* Debug */,
				F4B4CB6528AF039B00C4A689 /* Release */,
			);
			defaultConfigurationIsVisible = 0;
			defaultConfigurationName = Release;
		};
/* End XCConfigurationList section */
	};
	rootObject = F4B4CB2B28AF039900C4A689 /* Project object */;
}
